{
  "version": 4,
  "terraform_version": "0.12.26",
  "serial": 3,
  "lineage": "2275a524-eb3f-c0ff-c9d0-c912d5f7828e",
  "outputs": {},
  "resources": [
    {
      "mode": "data",
      "type": "google_iam_policy",
      "name": "noauth",
      "provider": "provider.google",
      "instances": [
        {
          "schema_version": 0,
          "attributes": {
            "audit_config": null,
            "binding": [
              {
                "members": [
                  "allUsers"
                ],
                "role": "roles/run.invoker"
              }
            ],
            "id": "3450855414",
            "policy_data": "{\"bindings\":[{\"members\":[\"allUsers\"],\"role\":\"roles/run.invoker\"}]}"
          }
        }
      ]
    },
    {
      "mode": "managed",
      "type": "google_cloud_run_service",
      "name": "genservice",
      "provider": "provider.google",
      "instances": [
        {
          "schema_version": 1,
          "attributes": {
            "autogenerate_revision_name": false,
            "id": "locations/us-west1/namespaces/conder-systems-281115/services/cloudrun-srv",
            "location": "us-west1",
            "metadata": [
              {
                "annotations": {
                  "serving.knative.dev/creator": "jerm@conder.systems",
                  "serving.knative.dev/lastModifier": "jerm@conder.systems"
                },
                "generation": 1,
                "labels": {
                  "cloud.googleapis.com/location": "us-west1"
                },
                "namespace": "conder-systems-281115",
                "resource_version": "AAWowjDBu/A",
                "self_link": "/apis/serving.knative.dev/v1/namespaces/630690829335/services/cloudrun-srv",
                "uid": "e0efdb0e-0279-4720-a4d8-d8555424ba77"
              }
            ],
            "name": "cloudrun-srv",
            "project": "conder-systems-281115",
            "status": [
              {
                "conditions": [
                  {
                    "message": "",
                    "reason": "",
                    "status": "True",
                    "type": "Ready"
                  },
                  {
                    "message": "",
                    "reason": "",
                    "status": "True",
                    "type": "ConfigurationsReady"
                  },
                  {
                    "message": "",
                    "reason": "",
                    "status": "True",
                    "type": "RoutesReady"
                  }
                ],
                "latest_created_revision_name": "cloudrun-srv-qfggb",
                "latest_ready_revision_name": "cloudrun-srv-qfggb",
                "observed_generation": 1,
                "url": "https://cloudrun-srv-a2afoxqzjq-uw.a.run.app"
              }
            ],
            "template": [
              {
                "metadata": [
                  {
                    "annotations": {
                      "autoscaling.knative.dev/maxScale": "2",
                      "run.googleapis.com/client-name": "terraform"
                    },
                    "generation": 0,
                    "labels": null,
                    "name": "",
                    "namespace": "",
                    "resource_version": "",
                    "self_link": "",
                    "uid": ""
                  }
                ],
                "spec": [
                  {
                    "container_concurrency": 80,
                    "containers": [
                      {
                        "args": null,
                        "command": null,
                        "env": [],
                        "env_from": [],
                        "image": "us.gcr.io/conder-systems-281115/hello-world-gen",
                        "resources": [
                          {
                            "limits": {
                              "cpu": "1000m",
                              "memory": "256Mi"
                            },
                            "requests": {}
                          }
                        ],
                        "working_dir": ""
                      }
                    ],
                    "service_account_name": "",
                    "serving_state": ""
                  }
                ]
              }
            ],
            "timeouts": null,
            "traffic": [
              {
                "latest_revision": true,
                "percent": 100,
                "revision_name": ""
              }
            ]
          },
          "private": "eyJlMmJmYjczMC1lY2FhLTExZTYtOGY4OC0zNDM2M2JjN2M0YzAiOnsiY3JlYXRlIjozNjAwMDAwMDAwMDAsImRlbGV0ZSI6MjQwMDAwMDAwMDAwLCJ1cGRhdGUiOjkwMDAwMDAwMDAwMH0sInNjaGVtYV92ZXJzaW9uIjoiMSJ9"
        }
      ]
    },
    {
      "mode": "managed",
      "type": "google_cloud_run_service_iam_policy",
      "name": "noauth",
      "provider": "provider.google",
      "instances": [
        {
          "schema_version": 0,
          "attributes": {
            "etag": "BwWowjDXPAQ=",
            "id": "v1/projects/conder-systems-281115/locations/us-west1/services/cloudrun-srv",
            "location": "us-west1",
            "policy_data": "{\"bindings\":[{\"members\":[\"allUsers\"],\"role\":\"roles/run.invoker\"}]}",
            "project": "conder-systems-281115",
            "service": "v1/projects/conder-systems-281115/locations/us-west1/services/cloudrun-srv"
          },
          "private": "bnVsbA==",
          "dependencies": [
            "google_cloud_run_service.genservice"
          ]
        }
      ]
    }
  ]
}
